
Microsoft Visual Studio Solution File, Format Version 12.00
# Visual Studio Version 16
VisualStudioVersion = 16.0.31112.23
MinimumVisualStudioVersion = 10.0.40219.1
Project("{2150E333-8FDC-42A3-9474-1A3956D46DE8}") = "Solution Items", "Solution Items", "{ADF85B86-F441-4CE9-B99E-CA1656D38D61}"
	ProjectSection(SolutionItems) = preProject
		Architecture.md = Architecture.md
		LICENSE = LICENSE
		README.md = README.md
	EndProjectSection
EndProject
Project("{FAE04EC0-301F-11D3-BF4B-00C04F79EFBC}") = "MT.BlazorUi", "MT.BlazorUi\MT.BlazorUi.csproj", "{8522DC42-EEE2-4991-8188-336B1FDEF70F}"
EndProject
Global
	GlobalSection(SolutionConfigurationPlatforms) = preSolution
		Debug|Any CPU = Debug|Any CPU
		Release|Any CPU = Release|Any CPU
	EndGlobalSection
	GlobalSection(ProjectConfigurationPlatforms) = postSolution
		{8522DC42-EEE2-4991-8188-336B1FDEF70F}.Debug|Any CPU.ActiveCfg = Debug|Any CPU
		{8522DC42-EEE2-4991-8188-336B1FDEF70F}.Debug|Any CPU.Build.0 = Debug|Any CPU
		{8522DC42-EEE2-4991-8188-336B1FDEF70F}.Release|Any CPU.ActiveCfg = Release|Any CPU
		{8522DC42-EEE2-4991-8188-336B1FDEF70F}.Release|Any CPU.Build.0 = Release|Any CPU
	EndGlobalSection
	GlobalSection(SolutionProperties) = preSolution
		HideSolutionNode = FALSE
	EndGlobalSection
	GlobalSection(ExtensibilityGlobals) = postSolution
		SolutionGuid = {C6342074-37AF-4C6B-9979-0C09F4DA9D87}
	EndGlobalSection
EndGlobal
