
Microsoft Visual Studio Solution File, Format Version 12.00
# Visual Studio Version 16
VisualStudioVersion = 16.0.31112.23
MinimumVisualStudioVersion = 10.0.40219.1
Project("{2150E333-8FDC-42A3-9474-1A3956D46DE8}") = "Solution Items", "Solution Items", "{ADF85B86-F441-4CE9-B99E-CA1656D38D61}"
	ProjectSection(SolutionItems) = preProject
		Architecture.md = Architecture.md
		LICENSE = LICENSE
		README.md = README.md
	EndProjectSection
EndProject
Project("{9A19103F-16F7-4668-BE54-9A1E7A4F7556}") = "MT.BlazorUi", "MT.BlazorUi\MT.BlazorUi.csproj", "{8522DC42-EEE2-4991-8188-336B1FDEF70F}"
EndProject
Project("{9A19103F-16F7-4668-BE54-9A1E7A4F7556}") = "MT.BlazorUi.Application", "MT.BlazorUi.Application\MT.BlazorUi.Application.csproj", "{8BA85DE5-4A4F-4906-A93D-9364373876BF}"
EndProject
Project("{9A19103F-16F7-4668-BE54-9A1E7A4F7556}") = "ConsoleAppTPL", "ConsoleAppTPL\ConsoleAppTPL.csproj", "{8F604575-70C7-43A6-8B25-A03950302CC8}"
EndProject
Project("{9A19103F-16F7-4668-BE54-9A1E7A4F7556}") = "Hilres.Stock.DataSource.Yahoo", "Hilres.Stock.DataSource.Yahoo\Hilres.Stock.DataSource.Yahoo.csproj", "{B605E1F1-F972-4291-8DE2-32F0E0CBD12B}"
EndProject
Project("{9A19103F-16F7-4668-BE54-9A1E7A4F7556}") = "Hilres.Stock.Repository", "Hilres.Stock.Repository\Hilres.Stock.Repository.csproj", "{8498D4F8-6570-483C-9DF2-6523C8E0FBCD}"
EndProject
Project("{9A19103F-16F7-4668-BE54-9A1E7A4F7556}") = "Hilres.Stock.Updater", "Hilres.Stock.Updater\Hilres.Stock.Updater.csproj", "{19EA76F7-6064-43DE-84CC-62784F423748}"
EndProject
Project("{9A19103F-16F7-4668-BE54-9A1E7A4F7556}") = "Hilres.Stock.Updater.Abstraction", "Hilres.Stock.Updater.Abstraction\Hilres.Stock.Updater.Abstraction.csproj", "{F2D420DD-F54F-443F-A38E-D7362B23BBAC}"
EndProject
Global
	GlobalSection(SolutionConfigurationPlatforms) = preSolution
		Debug|Any CPU = Debug|Any CPU
		Release|Any CPU = Release|Any CPU
	EndGlobalSection
	GlobalSection(ProjectConfigurationPlatforms) = postSolution
		{8522DC42-EEE2-4991-8188-336B1FDEF70F}.Debug|Any CPU.ActiveCfg = Debug|Any CPU
		{8522DC42-EEE2-4991-8188-336B1FDEF70F}.Debug|Any CPU.Build.0 = Debug|Any CPU
		{8522DC42-EEE2-4991-8188-336B1FDEF70F}.Release|Any CPU.ActiveCfg = Release|Any CPU
		{8522DC42-EEE2-4991-8188-336B1FDEF70F}.Release|Any CPU.Build.0 = Release|Any CPU
		{8BA85DE5-4A4F-4906-A93D-9364373876BF}.Debug|Any CPU.ActiveCfg = Debug|Any CPU
		{8BA85DE5-4A4F-4906-A93D-9364373876BF}.Debug|Any CPU.Build.0 = Debug|Any CPU
		{8BA85DE5-4A4F-4906-A93D-9364373876BF}.Release|Any CPU.ActiveCfg = Release|Any CPU
		{8BA85DE5-4A4F-4906-A93D-9364373876BF}.Release|Any CPU.Build.0 = Release|Any CPU
		{8F604575-70C7-43A6-8B25-A03950302CC8}.Debug|Any CPU.ActiveCfg = Debug|Any CPU
		{8F604575-70C7-43A6-8B25-A03950302CC8}.Debug|Any CPU.Build.0 = Debug|Any CPU
		{8F604575-70C7-43A6-8B25-A03950302CC8}.Release|Any CPU.ActiveCfg = Release|Any CPU
		{8F604575-70C7-43A6-8B25-A03950302CC8}.Release|Any CPU.Build.0 = Release|Any CPU
		{B605E1F1-F972-4291-8DE2-32F0E0CBD12B}.Debug|Any CPU.ActiveCfg = Debug|Any CPU
		{B605E1F1-F972-4291-8DE2-32F0E0CBD12B}.Debug|Any CPU.Build.0 = Debug|Any CPU
		{B605E1F1-F972-4291-8DE2-32F0E0CBD12B}.Release|Any CPU.ActiveCfg = Release|Any CPU
		{B605E1F1-F972-4291-8DE2-32F0E0CBD12B}.Release|Any CPU.Build.0 = Release|Any CPU
		{8498D4F8-6570-483C-9DF2-6523C8E0FBCD}.Debug|Any CPU.ActiveCfg = Debug|Any CPU
		{8498D4F8-6570-483C-9DF2-6523C8E0FBCD}.Debug|Any CPU.Build.0 = Debug|Any CPU
		{8498D4F8-6570-483C-9DF2-6523C8E0FBCD}.Release|Any CPU.ActiveCfg = Release|Any CPU
		{8498D4F8-6570-483C-9DF2-6523C8E0FBCD}.Release|Any CPU.Build.0 = Release|Any CPU
		{19EA76F7-6064-43DE-84CC-62784F423748}.Debug|Any CPU.ActiveCfg = Debug|Any CPU
		{19EA76F7-6064-43DE-84CC-62784F423748}.Debug|Any CPU.Build.0 = Debug|Any CPU
		{19EA76F7-6064-43DE-84CC-62784F423748}.Release|Any CPU.ActiveCfg = Release|Any CPU
		{19EA76F7-6064-43DE-84CC-62784F423748}.Release|Any CPU.Build.0 = Release|Any CPU
		{F2D420DD-F54F-443F-A38E-D7362B23BBAC}.Debug|Any CPU.ActiveCfg = Debug|Any CPU
		{F2D420DD-F54F-443F-A38E-D7362B23BBAC}.Debug|Any CPU.Build.0 = Debug|Any CPU
		{F2D420DD-F54F-443F-A38E-D7362B23BBAC}.Release|Any CPU.ActiveCfg = Release|Any CPU
		{F2D420DD-F54F-443F-A38E-D7362B23BBAC}.Release|Any CPU.Build.0 = Release|Any CPU
	EndGlobalSection
	GlobalSection(SolutionProperties) = preSolution
		HideSolutionNode = FALSE
	EndGlobalSection
	GlobalSection(ExtensibilityGlobals) = postSolution
		SolutionGuid = {C6342074-37AF-4C6B-9979-0C09F4DA9D87}
	EndGlobalSection
EndGlobal
